schema: '2.0'
stages:
  clean_data:
    cmd: python mlp/clean_data.py
    deps:
    - path: data/census.csv
      md5: 145de00f6e6053d3f7044628f9a5b5ff
      size: 3974474
    - path: mlp/clean_data.py
      md5: 050ab3f6660749475a58a2399c232a74
      size: 758
    outs:
    - path: data/census_cleaned.csv
      md5: c897e4fa823a57e01bdfa17caa8d6478
      size: 3468744
  train_model:
    cmd: python mlp/train_model.py
    deps:
    - path: data/census_cleaned.csv
      md5: c897e4fa823a57e01bdfa17caa8d6478
      size: 3468744
    - path: mlp/train_model.py
      md5: 4fe6cd20c573a529a622f861781f2207
      size: 2144
    outs:
    - path: data/test.npy
      md5: 7c3c1b5ccd57881efcc82ffcd3b0e293
      size: 5067976
    - path: data/train.npy
      md5: 808230c9f009a1b7813e63c4a0ad6b7d
      size: 20268616
    - path: models/encoder.pkl
      md5: bf2ff107b5ddcf1632e3b1e2dae74416
      size: 1804
    - path: models/label_binarizer.pkl
      md5: bbbe07b7e8b00e4c79796f8d7428c74f
      size: 358
    - path: models/random_forest_classifier.pkl
      md5: f764447480d2bf01cd321b21db730e9b
      size: 55098850
  evaluate_model:
    cmd: python mlp/evaluate_slices.py
    deps:
    - path: mlp/evaluate_slices.py
      md5: 8ec8be78a05525463aee24fa1e798a07
      size: 4375
    - path: models/encoder.pkl
      md5: bf2ff107b5ddcf1632e3b1e2dae74416
      size: 1804
    - path: models/label_binarizer.pkl
      md5: bbbe07b7e8b00e4c79796f8d7428c74f
      size: 358
    - path: models/random_forest_classifier.pkl
      md5: f764447480d2bf01cd321b21db730e9b
      size: 55098850
    outs:
    - path: outputs/slice_output.csv
      md5: 34b4660952f0db9a51ca04e6af5c3127
      size: 6414
    - path: outputs/test_data_metrics.txt
      md5: 20887ff7f7fcaa79e9f9232a40ac977e
      size: 92
    - path: outputs/training_data_metrics.txt
      md5: 129b21ef05e761d0586bbfbe8b6ad8c1
      size: 92
