schema: '2.0'
stages:
  clean_data:
    cmd: python mlp/clean_data.py
    deps:
    - path: data/census.csv
      md5: 145de00f6e6053d3f7044628f9a5b5ff
      size: 3974474
    - path: mlp/clean_data.py
      md5: 050ab3f6660749475a58a2399c232a74
      size: 758
    outs:
    - path: data/census_cleaned.csv
      md5: c897e4fa823a57e01bdfa17caa8d6478
      size: 3468744
  train_model:
    cmd: python mlp/train_model.py
    deps:
    - path: data/census_cleaned.csv
      md5: c897e4fa823a57e01bdfa17caa8d6478
      size: 3468744
    - path: mlp/train_model.py
      md5: 3a192a177345b92da3907c2f0c929762
      size: 2116
    outs:
    - path: data/test.npy
      md5: 82fe194890711f23c3b020652c12cbdd
      size: 5116240
    - path: data/train.npy
      md5: 89416b5a6d5af986f57ee9756ea6605e
      size: 20461648
    - path: models/encoder.pkl
      md5: bf2ff107b5ddcf1632e3b1e2dae74416
      size: 1804
    - path: models/label_binarizer.pkl
      md5: bbbe07b7e8b00e4c79796f8d7428c74f
      size: 358
    - path: models/random_forest_classifier.pkl
      md5: a742ce384630b3eb1d4f177aafcf0250
      size: 54238306
  evaluate_model:
    cmd: python mlp/evaluate_slices.py
    deps:
    - path: mlp/evaluate_slices.py
      md5: 760c0f90555623b3f9b4c481caf87abe
      size: 4347
    - path: models/encoder.pkl
      md5: bf2ff107b5ddcf1632e3b1e2dae74416
      size: 1804
    - path: models/label_binarizer.pkl
      md5: bbbe07b7e8b00e4c79796f8d7428c74f
      size: 358
    - path: models/random_forest_classifier.pkl
      md5: a742ce384630b3eb1d4f177aafcf0250
      size: 54238306
    outs:
    - path: outputs/slice_output.csv
      md5: be3b03c56bde999b7a36cef6dd13fb7c
      size: 6449
    - path: outputs/test_data_metrics.txt
      md5: 87fa65291c5590999c651c5eb865bf84
      size: 92
    - path: outputs/training_data_metrics.txt
      md5: b6c7047151688fc9cc6a9586b34a2365
      size: 90
